// !$*UTF8*$!
{
	archiveVersion = 1;
	classes = {
	};
	objectVersion = 50;
	objects = {

/* Begin PBXBuildFile section */
		551F720C2626B54D00FF3DBA /* MainViewController.swift in Sources */ = {isa = PBXBuildFile; fileRef = 551F720B2626B54D00FF3DBA /* MainViewController.swift */; };
		551F720F2626B77B00FF3DBA /* bookCollectionViewCell.swift in Sources */ = {isa = PBXBuildFile; fileRef = 551F720E2626B77B00FF3DBA /* bookCollectionViewCell.swift */; };
		551F72122626C61B00FF3DBA /* suggestedTableViewCell.swift in Sources */ = {isa = PBXBuildFile; fileRef = 551F72112626C61B00FF3DBA /* suggestedTableViewCell.swift */; };
		55A7F9E6265D160D0061CA3F /* ProjectsViewController.swift in Sources */ = {isa = PBXBuildFile; fileRef = 55A7F9E5265D160D0061CA3F /* ProjectsViewController.swift */; };
		55A7F9E8265D16190061CA3F /* UserViewController.swift in Sources */ = {isa = PBXBuildFile; fileRef = 55A7F9E7265D16190061CA3F /* UserViewController.swift */; };
		55A7F9EC265D17590061CA3F /* signUpWebViewController.swift in Sources */ = {isa = PBXBuildFile; fileRef = 55A7F9EB265D17590061CA3F /* signUpWebViewController.swift */; };
		55A7F9EF265D19630061CA3F /* alertControllModel.swift in Sources */ = {isa = PBXBuildFile; fileRef = 55A7F9EE265D19630061CA3F /* alertControllModel.swift */; };
		55A7F9F1265D2D010061CA3F /* loginModel.swift in Sources */ = {isa = PBXBuildFile; fileRef = 55A7F9F0265D2D010061CA3F /* loginModel.swift */; };
		55A7F9F3265D83440061CA3F /* userProfile.swift in Sources */ = {isa = PBXBuildFile; fileRef = 55A7F9F2265D83440061CA3F /* userProfile.swift */; };
		55E196432612216F00439185 /* AppDelegate.swift in Sources */ = {isa = PBXBuildFile; fileRef = 55E196422612216F00439185 /* AppDelegate.swift */; };
		55E196452612216F00439185 /* SceneDelegate.swift in Sources */ = {isa = PBXBuildFile; fileRef = 55E196442612216F00439185 /* SceneDelegate.swift */; };
		55E196472612216F00439185 /* ViewController.swift in Sources */ = {isa = PBXBuildFile; fileRef = 55E196462612216F00439185 /* ViewController.swift */; };
		55E1964A2612216F00439185 /* Main.storyboard in Resources */ = {isa = PBXBuildFile; fileRef = 55E196482612216F00439185 /* Main.storyboard */; };
		55E1964C2612216F00439185 /* Assets.xcassets in Resources */ = {isa = PBXBuildFile; fileRef = 55E1964B2612216F00439185 /* Assets.xcassets */; };
		55E1964F2612216F00439185 /* LaunchScreen.storyboard in Resources */ = {isa = PBXBuildFile; fileRef = 55E1964D2612216F00439185 /* LaunchScreen.storyboard */; };
/* End PBXBuildFile section */

/* Begin PBXFileReference section */
		551F720B2626B54D00FF3DBA /* MainViewController.swift */ = {isa = PBXFileReference; lastKnownFileType = sourcecode.swift; path = MainViewController.swift; sourceTree = "<group>"; };
		551F720E2626B77B00FF3DBA /* bookCollectionViewCell.swift */ = {isa = PBXFileReference; lastKnownFileType = sourcecode.swift; path = bookCollectionViewCell.swift; sourceTree = "<group>"; };
		551F72112626C61B00FF3DBA /* suggestedTableViewCell.swift */ = {isa = PBXFileReference; lastKnownFileType = sourcecode.swift; path = suggestedTableViewCell.swift; sourceTree = "<group>"; };
		55A7F9E5265D160D0061CA3F /* ProjectsViewController.swift */ = {isa = PBXFileReference; lastKnownFileType = sourcecode.swift; path = ProjectsViewController.swift; sourceTree = "<group>"; };
		55A7F9E7265D16190061CA3F /* UserViewController.swift */ = {isa = PBXFileReference; lastKnownFileType = sourcecode.swift; path = UserViewController.swift; sourceTree = "<group>"; };
		55A7F9EB265D17590061CA3F /* signUpWebViewController.swift */ = {isa = PBXFileReference; lastKnownFileType = sourcecode.swift; path = signUpWebViewController.swift; sourceTree = "<group>"; };
		55A7F9EE265D19630061CA3F /* alertControllModel.swift */ = {isa = PBXFileReference; lastKnownFileType = sourcecode.swift; path = alertControllModel.swift; sourceTree = "<group>"; };
		55A7F9F0265D2D010061CA3F /* loginModel.swift */ = {isa = PBXFileReference; lastKnownFileType = sourcecode.swift; name = loginModel.swift; path = UniGuide/loginModel.swift; sourceTree = SOURCE_ROOT; };
		55A7F9F2265D83440061CA3F /* userProfile.swift */ = {isa = PBXFileReference; lastKnownFileType = sourcecode.swift; path = userProfile.swift; sourceTree = SOURCE_ROOT; };
		55E1963F2612216E00439185 /* UniGuide.app */ = {isa = PBXFileReference; explicitFileType = wrapper.application; includeInIndex = 0; path = UniGuide.app; sourceTree = BUILT_PRODUCTS_DIR; };
		55E196422612216F00439185 /* AppDelegate.swift */ = {isa = PBXFileReference; lastKnownFileType = sourcecode.swift; path = AppDelegate.swift; sourceTree = "<group>"; };
		55E196442612216F00439185 /* SceneDelegate.swift */ = {isa = PBXFileReference; lastKnownFileType = sourcecode.swift; path = SceneDelegate.swift; sourceTree = "<group>"; };
		55E196462612216F00439185 /* ViewController.swift */ = {isa = PBXFileReference; lastKnownFileType = sourcecode.swift; path = ViewController.swift; sourceTree = "<group>"; };
		55E196492612216F00439185 /* Base */ = {isa = PBXFileReference; lastKnownFileType = file.storyboard; name = Base; path = Base.lproj/Main.storyboard; sourceTree = "<group>"; };
		55E1964B2612216F00439185 /* Assets.xcassets */ = {isa = PBXFileReference; lastKnownFileType = folder.assetcatalog; path = Assets.xcassets; sourceTree = "<group>"; };
		55E1964E2612216F00439185 /* Base */ = {isa = PBXFileReference; lastKnownFileType = file.storyboard; name = Base; path = Base.lproj/LaunchScreen.storyboard; sourceTree = "<group>"; };
		55E196502612216F00439185 /* Info.plist */ = {isa = PBXFileReference; lastKnownFileType = text.plist.xml; path = Info.plist; sourceTree = "<group>"; };
/* End PBXFileReference section */

/* Begin PBXFrameworksBuildPhase section */
		55E1963C2612216E00439185 /* Frameworks */ = {
			isa = PBXFrameworksBuildPhase;
			buildActionMask = 2147483647;
			files = (
			);
			runOnlyForDeploymentPostprocessing = 0;
		};
/* End PBXFrameworksBuildPhase section */

/* Begin PBXGroup section */
		55A7F9EA265D16320061CA3F /* Controllers */ = {
			isa = PBXGroup;
			children = (
				55E196462612216F00439185 /* ViewController.swift */,
				55A7F9E5265D160D0061CA3F /* ProjectsViewController.swift */,
				55A7F9E7265D16190061CA3F /* UserViewController.swift */,
				551F720E2626B77B00FF3DBA /* bookCollectionViewCell.swift */,
				55A7F9EB265D17590061CA3F /* signUpWebViewController.swift */,
				551F720B2626B54D00FF3DBA /* MainViewController.swift */,
			);
			path = Controllers;
			sourceTree = "<group>";
		};
		55A7F9ED265D19510061CA3F /* Model */ = {
			isa = PBXGroup;
			children = (
				55A7F9F2265D83440061CA3F /* userProfile.swift */,
				55A7F9F0265D2D010061CA3F /* loginModel.swift */,
				55A7F9EE265D19630061CA3F /* alertControllModel.swift */,
			);
			path = Model;
			sourceTree = "<group>";
		};
		55E196362612216E00439185 = {
			isa = PBXGroup;
			children = (
				55E196412612216F00439185 /* UniGuide */,
				55E196402612216E00439185 /* Products */,
			);
			sourceTree = "<group>";
		};
		55E196402612216E00439185 /* Products */ = {
			isa = PBXGroup;
			children = (
				55E1963F2612216E00439185 /* UniGuide.app */,
			);
			name = Products;
			sourceTree = "<group>";
		};
		55E196412612216F00439185 /* UniGuide */ = {
			isa = PBXGroup;
			children = (
				55E196422612216F00439185 /* AppDelegate.swift */,
				55E196442612216F00439185 /* SceneDelegate.swift */,
				55A7F9ED265D19510061CA3F /* Model */,
				55A7F9EA265D16320061CA3F /* Controllers */,
				551F72112626C61B00FF3DBA /* suggestedTableViewCell.swift */,
				55E196482612216F00439185 /* Main.storyboard */,
				55E1964B2612216F00439185 /* Assets.xcassets */,
				55E1964D2612216F00439185 /* LaunchScreen.storyboard */,
				55E196502612216F00439185 /* Info.plist */,
			);
			path = UniGuide;
			sourceTree = "<group>";
		};
/* End PBXGroup section */

/* Begin PBXNativeTarget section */
		55E1963E2612216E00439185 /* UniGuide */ = {
			isa = PBXNativeTarget;
			buildConfigurationList = 55E196532612216F00439185 /* Build configuration list for PBXNativeTarget "UniGuide" */;
			buildPhases = (
				55E1963B2612216E00439185 /* Sources */,
				55E1963C2612216E00439185 /* Frameworks */,
				55E1963D2612216E00439185 /* Resources */,
			);
			buildRules = (
			);
			dependencies = (
			);
			name = UniGuide;
			productName = UniGuide;
			productReference = 55E1963F2612216E00439185 /* UniGuide.app */;
			productType = "com.apple.product-type.application";
		};
/* End PBXNativeTarget section */

/* Begin PBXProject section */
		55E196372612216E00439185 /* Project object */ = {
			isa = PBXProject;
			attributes = {
				LastSwiftUpdateCheck = 1240;
				LastUpgradeCheck = 1240;
				TargetAttributes = {
					55E1963E2612216E00439185 = {
						CreatedOnToolsVersion = 12.4;
					};
				};
			};
			buildConfigurationList = 55E1963A2612216E00439185 /* Build configuration list for PBXProject "UniGuide" */;
			compatibilityVersion = "Xcode 9.3";
			developmentRegion = en;
			hasScannedForEncodings = 0;
			knownRegions = (
				en,
				Base,
			);
			mainGroup = 55E196362612216E00439185;
			productRefGroup = 55E196402612216E00439185 /* Products */;
			projectDirPath = "";
			projectRoot = "";
			targets = (
				55E1963E2612216E00439185 /* UniGuide */,
			);
		};
/* End PBXProject section */

/* Begin PBXResourcesBuildPhase section */
		55E1963D2612216E00439185 /* Resources */ = {
			isa = PBXResourcesBuildPhase;
			buildActionMask = 2147483647;
			files = (
				55E1964F2612216F00439185 /* LaunchScreen.storyboard in Resources */,
				55E1964C2612216F00439185 /* Assets.xcassets in Resources */,
				55E1964A2612216F00439185 /* Main.storyboard in Resources */,
			);
			runOnlyForDeploymentPostprocessing = 0;
		};
/* End PBXResourcesBuildPhase section */

/* Begin PBXSourcesBuildPhase section */
		55E1963B2612216E00439185 /* Sources */ = {
			isa = PBXSourcesBuildPhase;
			buildActionMask = 2147483647;
			files = (
				55A7F9F3265D83440061CA3F /* userProfile.swift in Sources */,
				55A7F9EC265D17590061CA3F /* signUpWebViewController.swift in Sources */,
				55E196472612216F00439185 /* ViewController.swift in Sources */,
				55A7F9E8265D16190061CA3F /* UserViewController.swift in Sources */,
				551F720F2626B77B00FF3DBA /* bookCollectionViewCell.swift in Sources */,
				55E196432612216F00439185 /* AppDelegate.swift in Sources */,
				55A7F9EF265D19630061CA3F /* alertControllModel.swift in Sources */,
				55E196452612216F00439185 /* SceneDelegate.swift in Sources */,
				551F720C2626B54D00FF3DBA /* MainViewController.swift in Sources */,
				55A7F9F1265D2D010061CA3F /* loginModel.swift in Sources */,
				551F72122626C61B00FF3DBA /* suggestedTableViewCell.swift in Sources */,
				55A7F9E6265D160D0061CA3F /* ProjectsViewController.swift in Sources */,
			);
			runOnlyForDeploymentPostprocessing = 0;
		};
/* End PBXSourcesBuildPhase section */

/* Begin PBXVariantGroup section */
		55E196482612216F00439185 /* Main.storyboard */ = {
			isa = PBXVariantGroup;
			children = (
				55E196492612216F00439185 /* Base */,
			);
			name = Main.storyboard;
			sourceTree = "<group>";
		};
		55E1964D2612216F00439185 /* LaunchScreen.storyboard */ = {
			isa = PBXVariantGroup;
			children = (
				55E1964E2612216F00439185 /* Base */,
			);
			name = LaunchScreen.storyboard;
			sourceTree = "<group>";
		};
/* End PBXVariantGroup section */

/* Begin XCBuildConfiguration section */
		55E196512612216F00439185 /* Debug */ = {
			isa = XCBuildConfiguration;
			buildSettings = {
				ALWAYS_SEARCH_USER_PATHS = NO;
				CLANG_ANALYZER_NONNULL = YES;
				CLANG_ANALYZER_NUMBER_OBJECT_CONVERSION = YES_AGGRESSIVE;
				CLANG_CXX_LANGUAGE_STANDARD = "gnu++14";
				CLANG_CXX_LIBRARY = "libc++";
				CLANG_ENABLE_MODULES = YES;
				CLANG_ENABLE_OBJC_ARC = YES;
				CLANG_ENABLE_OBJC_WEAK = YES;
				CLANG_WARN_BLOCK_CAPTURE_AUTORELEASING = YES;
				CLANG_WARN_BOOL_CONVERSION = YES;
				CLANG_WARN_COMMA = YES;
				CLANG_WARN_CONSTANT_CONVERSION = YES;
				CLANG_WARN_DEPRECATED_OBJC_IMPLEMENTATIONS = YES;
				CLANG_WARN_DIRECT_OBJC_ISA_USAGE = YES_ERROR;
				CLANG_WARN_DOCUMENTATION_COMMENTS = YES;
				CLANG_WARN_EMPTY_BODY = YES;
				CLANG_WARN_ENUM_CONVERSION = YES;
				CLANG_WARN_INFINITE_RECURSION = YES;
				CLANG_WARN_INT_CONVERSION = YES;
				CLANG_WARN_NON_LITERAL_NULL_CONVERSION = YES;
				CLANG_WARN_OBJC_IMPLICIT_RETAIN_SELF = YES;
				CLANG_WARN_OBJC_LITERAL_CONVERSION = YES;
				CLANG_WARN_OBJC_ROOT_CLASS = YES_ERROR;
				CLANG_WARN_QUOTED_INCLUDE_IN_FRAMEWORK_HEADER = YES;
				CLANG_WARN_RANGE_LOOP_ANALYSIS = YES;
				CLANG_WARN_STRICT_PROTOTYPES = YES;
				CLANG_WARN_SUSPICIOUS_MOVE = YES;
				CLANG_WARN_UNGUARDED_AVAILABILITY = YES_AGGRESSIVE;
				CLANG_WARN_UNREACHABLE_CODE = YES;
				CLANG_WARN__DUPLICATE_METHOD_MATCH = YES;
				COPY_PHASE_STRIP = NO;
				DEBUG_INFORMATION_FORMAT = dwarf;
				ENABLE_STRICT_OBJC_MSGSEND = YES;
				ENABLE_TESTABILITY = YES;
				GCC_C_LANGUAGE_STANDARD = gnu11;
				GCC_DYNAMIC_NO_PIC = NO;
				GCC_NO_COMMON_BLOCKS = YES;
				GCC_OPTIMIZATION_LEVEL = 0;
				GCC_PREPROCESSOR_DEFINITIONS = (
					"DEBUG=1",
					"$(inherited)",
				);
				GCC_WARN_64_TO_32_BIT_CONVERSION = YES;
				GCC_WARN_ABOUT_RETURN_TYPE = YES_ERROR;
				GCC_WARN_UNDECLARED_SELECTOR = YES;
				GCC_WARN_UNINITIALIZED_AUTOS = YES_AGGRESSIVE;
				GCC_WARN_UNUSED_FUNCTION = YES;
				GCC_WARN_UNUSED_VARIABLE = YES;
				IPHONEOS_DEPLOYMENT_TARGET = 14.4;
				MTL_ENABLE_DEBUG_INFO = INCLUDE_SOURCE;
				MTL_FAST_MATH = YES;
				ONLY_ACTIVE_ARCH = YES;
				SDKROOT = iphoneos;
				SWIFT_ACTIVE_COMPILATION_CONDITIONS = DEBUG;
				SWIFT_OPTIMIZATION_LEVEL = "-Onone";
			};
			name = Debug;
		};
		55E196522612216F00439185 /* Release */ = {
			isa = XCBuildConfiguration;
			buildSettings = {
				ALWAYS_SEARCH_USER_PATHS = NO;
				CLANG_ANALYZER_NONNULL = YES;
				CLANG_ANALYZER_NUMBER_OBJECT_CONVERSION = YES_AGGRESSIVE;
				CLANG_CXX_LANGUAGE_STANDARD = "gnu++14";
				CLANG_CXX_LIBRARY = "libc++";
				CLANG_ENABLE_MODULES = YES;
				CLANG_ENABLE_OBJC_ARC = YES;
				CLANG_ENABLE_OBJC_WEAK = YES;
				CLANG_WARN_BLOCK_CAPTURE_AUTORELEASING = YES;
				CLANG_WARN_BOOL_CONVERSION = YES;
				CLANG_WARN_COMMA = YES;
				CLANG_WARN_CONSTANT_CONVERSION = YES;
				CLANG_WARN_DEPRECATED_OBJC_IMPLEMENTATIONS = YES;
				CLANG_WARN_DIRECT_OBJC_ISA_USAGE = YES_ERROR;
				CLANG_WARN_DOCUMENTATION_COMMENTS = YES;
				CLANG_WARN_EMPTY_BODY = YES;
				CLANG_WARN_ENUM_CONVERSION = YES;
				CLANG_WARN_INFINITE_RECURSION = YES;
				CLANG_WARN_INT_CONVERSION = YES;
				CLANG_WARN_NON_LITERAL_NULL_CONVERSION = YES;
				CLANG_WARN_OBJC_IMPLICIT_RETAIN_SELF = YES;
				CLANG_WARN_OBJC_LITERAL_CONVERSION = YES;
				CLANG_WARN_OBJC_ROOT_CLASS = YES_ERROR;
				CLANG_WARN_QUOTED_INCLUDE_IN_FRAMEWORK_HEADER = YES;
				CLANG_WARN_RANGE_LOOP_ANALYSIS = YES;
				CLANG_WARN_STRICT_PROTOTYPES = YES;
				CLANG_WARN_SUSPICIOUS_MOVE = YES;
				CLANG_WARN_UNGUARDED_AVAILABILITY = YES_AGGRESSIVE;
				CLANG_WARN_UNREACHABLE_CODE = YES;
				CLANG_WARN__DUPLICATE_METHOD_MATCH = YES;
				COPY_PHASE_STRIP = NO;
				DEBUG_INFORMATION_FORMAT = "dwarf-with-dsym";
				ENABLE_NS_ASSERTIONS = NO;
				ENABLE_STRICT_OBJC_MSGSEND = YES;
				GCC_C_LANGUAGE_STANDARD = gnu11;
				GCC_NO_COMMON_BLOCKS = YES;
				GCC_WARN_64_TO_32_BIT_CONVERSION = YES;
				GCC_WARN_ABOUT_RETURN_TYPE = YES_ERROR;
				GCC_WARN_UNDECLARED_SELECTOR = YES;
				GCC_WARN_UNINITIALIZED_AUTOS = YES_AGGRESSIVE;
				GCC_WARN_UNUSED_FUNCTION = YES;
				GCC_WARN_UNUSED_VARIABLE = YES;
				IPHONEOS_DEPLOYMENT_TARGET = 14.4;
				MTL_ENABLE_DEBUG_INFO = NO;
				MTL_FAST_MATH = YES;
				SDKROOT = iphoneos;
				SWIFT_COMPILATION_MODE = wholemodule;
				SWIFT_OPTIMIZATION_LEVEL = "-O";
				VALIDATE_PRODUCT = YES;
			};
			name = Release;
		};
		55E196542612216F00439185 /* Debug */ = {
			isa = XCBuildConfiguration;
			buildSettings = {
				ASSETCATALOG_COMPILER_APPICON_NAME = AppIcon;
				ASSETCATALOG_COMPILER_GLOBAL_ACCENT_COLOR_NAME = AccentColor;
				CODE_SIGN_STYLE = Automatic;
				DEVELOPMENT_TEAM = GJM8829Q7N;
				INFOPLIST_FILE = UniGuide/Info.plist;
				LD_RUNPATH_SEARCH_PATHS = (
					"$(inherited)",
					"@executable_path/Frameworks",
				);
				PRODUCT_BUNDLE_IDENTIFIER = com.gokulnair.UniGuide;
				PRODUCT_NAME = "$(TARGET_NAME)";
				SWIFT_VERSION = 5.0;
				TARGETED_DEVICE_FAMILY = "1,2";
			};
			name = Debug;
		};
		55E196552612216F00439185 /* Release */ = {
			isa = XCBuildConfiguration;
			buildSettings = {
				ASSETCATALOG_COMPILER_APPICON_NAME = AppIcon;
				ASSETCATALOG_COMPILER_GLOBAL_ACCENT_COLOR_NAME = AccentColor;
				CODE_SIGN_STYLE = Automatic;
				DEVELOPMENT_TEAM = GJM8829Q7N;
				INFOPLIST_FILE = UniGuide/Info.plist;
				LD_RUNPATH_SEARCH_PATHS = (
					"$(inherited)",
					"@executable_path/Frameworks",
				);
				PRODUCT_BUNDLE_IDENTIFIER = com.gokulnair.UniGuide;
				PRODUCT_NAME = "$(TARGET_NAME)";
				SWIFT_VERSION = 5.0;
				TARGETED_DEVICE_FAMILY = "1,2";
			};
			name = Release;
		};
/* End XCBuildConfiguration section */

/* Begin XCConfigurationList section */
		55E1963A2612216E00439185 /* Build configuration list for PBXProject "UniGuide" */ = {
			isa = XCConfigurationList;
			buildConfigurations = (
				55E196512612216F00439185 /* Debug */,
				55E196522612216F00439185 /* Release */,
			);
			defaultConfigurationIsVisible = 0;
			defaultConfigurationName = Release;
		};
		55E196532612216F00439185 /* Build configuration list for PBXNativeTarget "UniGuide" */ = {
			isa = XCConfigurationList;
			buildConfigurations = (
				55E196542612216F00439185 /* Debug */,
				55E196552612216F00439185 /* Release */,
			);
			defaultConfigurationIsVisible = 0;
			defaultConfigurationName = Release;
		};
/* End XCConfigurationList section */
	};
	rootObject = 55E196372612216E00439185 /* Project object */;
}
